{
  "name": "openapi2moonwalk",
  "version": "0.0.1",
  "lockfileVersion": 2,
  "requires": true,
  "packages": {
    "": {
      "name": "openapi2moonwalk",
      "version": "0.0.1",
      "license": "MIT",
      "dependencies": {
        "@apicurio/data-models": "^1.1.26",
        "apicurio-data-models": "^1.1.25",
        "commander": "^9.4.0",
        "typescript": "^4.8.3"
      },
      "devDependencies": {
        "@types/node": "^18.7.21"
      }
    },
    "node_modules/@apicurio/data-models": {
      "version": "1.1.26",
      "resolved": "https://registry.npmjs.org/@apicurio/data-models/-/data-models-1.1.26.tgz",
      "integrity": "sha512-/HDzu8NTzKGpZg5ULiuPhKRC5DuSplFtbSNonxP7tdwsowQRM+IL7xp2CX1+HSh6iO4momfIwcFmvbahOM3/Rg==",
      "dependencies": {
        "core-js": "3.21.1"
      }
    },
    "node_modules/@types/node": {
      "version": "18.7.21",
      "resolved": "https://registry.npmjs.org/@types/node/-/node-18.7.21.tgz",
      "integrity": "sha512-rLFzK5bhM0YPyCoTC8bolBjMk7bwnZ8qeZUBslBfjZQou2ssJdWslx9CZ8DGM+Dx7QXQiiTVZ/6QO6kwtHkZCA==",
      "dev": true
    },
    "node_modules/apicurio-data-models": {
      "version": "1.1.25",
      "resolved": "https://registry.npmjs.org/apicurio-data-models/-/apicurio-data-models-1.1.25.tgz",
      "integrity": "sha512-HZEVsgw8PpmP1LI65zh2Xf9a2VUiYpRxtVjyv89/z5qbybPNjOyQpCURcQ8+bpH0bgPvevW1U7LC7+8GL8ZaDg==",
      "deprecated": "This package has been deprecated, please replace it with '@apicurio/data-models' to continue receiving updates",
      "dependencies": {
        "core-js": "3.21.1"
      }
    },
    "node_modules/commander": {
      "version": "9.4.0",
      "resolved": "https://registry.npmjs.org/commander/-/commander-9.4.0.tgz",
      "integrity": "sha512-sRPT+umqkz90UA8M1yqYfnHlZA7fF6nSphDtxeywPZ49ysjxDQybzk13CL+mXekDRG92skbcqCLVovuCusNmFw==",
      "engines": {
        "node": "^12.20.0 || >=14"
      }
    },
    "node_modules/core-js": {
      "version": "3.21.1",
      "resolved": "https://registry.npmjs.org/core-js/-/core-js-3.21.1.tgz",
      "integrity": "sha512-FRq5b/VMrWlrmCzwRrpDYNxyHP9BcAZC+xHJaqTgIE5091ZV1NTmyh0sGOg5XqpnHvR0svdy0sv1gWA1zmhxig==",
      "deprecated": "core-js@<3.23.3 is no longer maintained and not recommended for usage due to the number of issues. Because of the V8 engine whims, feature detection in old core-js versions could cause a slowdown up to 100x even if nothing is polyfilled. Some versions have web compatibility issues. Please, upgrade your dependencies to the actual version of core-js.",
      "hasInstallScript": true,
      "funding": {
        "type": "opencollective",
        "url": "https://opencollective.com/core-js"
      }
    },
    "node_modules/typescript": {
      "version": "4.8.3",
      "resolved": "https://registry.npmjs.org/typescript/-/typescript-4.8.3.tgz",
      "integrity": "sha512-goMHfm00nWPa8UvR/CPSvykqf6dVV8x/dp0c5mFTMTIu0u0FlGWRioyy7Nn0PGAdHxpJZnuO/ut+PpQ8UiHAig==",
      "bin": {
        "tsc": "bin/tsc",
        "tsserver": "bin/tsserver"
      },
      "engines": {
        "node": ">=4.2.0"
      }
    }
  },
  "dependencies": {
    "@apicurio/data-models": {
      "version": "1.1.26",
      "resolved": "https://registry.npmjs.org/@apicurio/data-models/-/data-models-1.1.26.tgz",
      "integrity": "sha512-/HDzu8NTzKGpZg5ULiuPhKRC5DuSplFtbSNonxP7tdwsowQRM+IL7xp2CX1+HSh6iO4momfIwcFmvbahOM3/Rg==",
      "requires": {
        "core-js": "3.21.1"
      }
    },
    "@types/node": {
      "version": "18.7.21",
      "resolved": "https://registry.npmjs.org/@types/node/-/node-18.7.21.tgz",
      "integrity": "sha512-rLFzK5bhM0YPyCoTC8bolBjMk7bwnZ8qeZUBslBfjZQou2ssJdWslx9CZ8DGM+Dx7QXQiiTVZ/6QO6kwtHkZCA==",
      "dev": true
    },
    "apicurio-data-models": {
      "version": "1.1.25",
      "resolved": "https://registry.npmjs.org/apicurio-data-models/-/apicurio-data-models-1.1.25.tgz",
      "integrity": "sha512-HZEVsgw8PpmP1LI65zh2Xf9a2VUiYpRxtVjyv89/z5qbybPNjOyQpCURcQ8+bpH0bgPvevW1U7LC7+8GL8ZaDg==",
      "requires": {
        "core-js": "3.21.1"
      }
    },
    "commander": {
      "version": "9.4.0",
      "resolved": "https://registry.npmjs.org/commander/-/commander-9.4.0.tgz",
      "integrity": "sha512-sRPT+umqkz90UA8M1yqYfnHlZA7fF6nSphDtxeywPZ49ysjxDQybzk13CL+mXekDRG92skbcqCLVovuCusNmFw=="
    },
    "core-js": {
      "version": "3.21.1",
      "resolved": "https://registry.npmjs.org/core-js/-/core-js-3.21.1.tgz",
      "integrity": "sha512-FRq5b/VMrWlrmCzwRrpDYNxyHP9BcAZC+xHJaqTgIE5091ZV1NTmyh0sGOg5XqpnHvR0svdy0sv1gWA1zmhxig=="
    },
    "typescript": {
      "version": "4.8.3",
      "resolved": "https://registry.npmjs.org/typescript/-/typescript-4.8.3.tgz",
      "integrity": "sha512-goMHfm00nWPa8UvR/CPSvykqf6dVV8x/dp0c5mFTMTIu0u0FlGWRioyy7Nn0PGAdHxpJZnuO/ut+PpQ8UiHAig=="
    }
  }
}
